// !$*UTF8*$!
{
	archiveVersion = 1;
	classes = {
	};
	objectVersion = 46;
	objects = {

/* Begin PBXBuildFile section */
		F44D0CB71DB1ABA8001B70B8 /* main.m in Sources */ = {isa = PBXBuildFile; fileRef = F44D0CB61DB1ABA8001B70B8 /* main.m */; };
		F44D0CBA1DB1ABA8001B70B8 /* AppDelegate.m in Sources */ = {isa = PBXBuildFile; fileRef = F44D0CB91DB1ABA8001B70B8 /* AppDelegate.m */; };
		F44D0CBD1DB1ABA8001B70B8 /* ViewController.m in Sources */ = {isa = PBXBuildFile; fileRef = F44D0CBC1DB1ABA8001B70B8 /* ViewController.m */; };
		F44D0CC21DB1ABA8001B70B8 /* Assets.xcassets in Resources */ = {isa = PBXBuildFile; fileRef = F44D0CC11DB1ABA8001B70B8 /* Assets.xcassets */; };
		F44D0CC51DB1ABA8001B70B8 /* LaunchScreen.storyboard in Resources */ = {isa = PBXBuildFile; fileRef = F44D0CC31DB1ABA8001B70B8 /* LaunchScreen.storyboard */; };
		F44D0CD01DB1ABA8001B70B8 /* PupperTests.m in Sources */ = {isa = PBXBuildFile; fileRef = F44D0CCF1DB1ABA8001B70B8 /* PupperTests.m */; };
		F44D0CDB1DB1ABA8001B70B8 /* PupperUITests.m in Sources */ = {isa = PBXBuildFile; fileRef = F44D0CDA1DB1ABA8001B70B8 /* PupperUITests.m */; };
		F44D0CE91DB1B65E001B70B8 /* Tinder.png in Resources */ = {isa = PBXBuildFile; fileRef = F44D0CE81DB1B65E001B70B8 /* Tinder.png */; };
		F44D0CED1DB1BFB0001B70B8 /* NewUser.m in Sources */ = {isa = PBXBuildFile; fileRef = F44D0CEB1DB1BFB0001B70B8 /* NewUser.m */; };
		F44D0CEE1DB1BFB0001B70B8 /* NewUser.xib in Resources */ = {isa = PBXBuildFile; fileRef = F44D0CEC1DB1BFB0001B70B8 /* NewUser.xib */; };
		F44D0CF31DB1C1F2001B70B8 /* Bolts.framework in Frameworks */ = {isa = PBXBuildFile; fileRef = F44D0CEF1DB1C1F2001B70B8 /* Bolts.framework */; };
		F44D0CF41DB1C1F2001B70B8 /* FBSDKCoreKit.framework in Frameworks */ = {isa = PBXBuildFile; fileRef = F44D0CF01DB1C1F2001B70B8 /* FBSDKCoreKit.framework */; };
		F44D0CF51DB1C1F2001B70B8 /* FBSDKLoginKit.framework in Frameworks */ = {isa = PBXBuildFile; fileRef = F44D0CF11DB1C1F2001B70B8 /* FBSDKLoginKit.framework */; };
		F44D0CF61DB1C1F2001B70B8 /* FBSDKShareKit.framework in Frameworks */ = {isa = PBXBuildFile; fileRef = F44D0CF21DB1C1F2001B70B8 /* FBSDKShareKit.framework */; };
		F44D0CFA1DB1C9D2001B70B8 /* ViewController.xib in Resources */ = {isa = PBXBuildFile; fileRef = F44D0CF91DB1C9D2001B70B8 /* ViewController.xib */; };
		F490D5431DB1CB6F00E02700 /* Main.storyboard in Resources */ = {isa = PBXBuildFile; fileRef = F490D5421DB1CB6F00E02700 /* Main.storyboard */; };
		F4F481C41DB1D21E00B93BA5 /* dog_PNG2446.png in Resources */ = {isa = PBXBuildFile; fileRef = F4F481C31DB1D21E00B93BA5 /* dog_PNG2446.png */; };
		F4F481C71DB1ED4300B93BA5 /* Sockpuppet.m in Sources */ = {isa = PBXBuildFile; fileRef = F4F481C61DB1ED4300B93BA5 /* Sockpuppet.m */; };
		F4F481C91DB1FC8F00B93BA5 /* dog_PNG2418.png in Resources */ = {isa = PBXBuildFile; fileRef = F4F481C81DB1FC8F00B93BA5 /* dog_PNG2418.png */; };
		F4F481CB1DB21CA300B93BA5 /* dogframe.png in Resources */ = {isa = PBXBuildFile; fileRef = F4F481CA1DB21CA300B93BA5 /* dogframe.png */; };
		F4F481E11DB2423F00B93BA5 /* 0.png in Resources */ = {isa = PBXBuildFile; fileRef = F4F481DC1DB2423F00B93BA5 /* 0.png */; };
		F4F481E21DB2423F00B93BA5 /* 1.png in Resources */ = {isa = PBXBuildFile; fileRef = F4F481DD1DB2423F00B93BA5 /* 1.png */; };
		F4F481E31DB2423F00B93BA5 /* 2.png in Resources */ = {isa = PBXBuildFile; fileRef = F4F481DE1DB2423F00B93BA5 /* 2.png */; };
		F4F481E41DB2423F00B93BA5 /* 3.png in Resources */ = {isa = PBXBuildFile; fileRef = F4F481DF1DB2423F00B93BA5 /* 3.png */; };
		F4F481E51DB2423F00B93BA5 /* 4.png in Resources */ = {isa = PBXBuildFile; fileRef = F4F481E01DB2423F00B93BA5 /* 4.png */; };
		F4F481E81DB255A500B93BA5 /* Choice.m in Sources */ = {isa = PBXBuildFile; fileRef = F4F481E71DB255A500B93BA5 /* Choice.m */; };
		F4F481EF1DB268BB00B93BA5 /* solid_info.png in Resources */ = {isa = PBXBuildFile; fileRef = F4F481E91DB268BB00B93BA5 /* solid_info.png */; };
		F4F481F01DB268BB00B93BA5 /* solid_paw.png in Resources */ = {isa = PBXBuildFile; fileRef = F4F481EA1DB268BB00B93BA5 /* solid_paw.png */; };
		F4F481F11DB268BB00B93BA5 /* solid_poo.png in Resources */ = {isa = PBXBuildFile; fileRef = F4F481EB1DB268BB00B93BA5 /* solid_poo.png */; };
		F4F481F21DB268BB00B93BA5 /* whight_paw.png in Resources */ = {isa = PBXBuildFile; fileRef = F4F481EC1DB268BB00B93BA5 /* whight_paw.png */; };
		F4F481F31DB268BB00B93BA5 /* white_info.png in Resources */ = {isa = PBXBuildFile; fileRef = F4F481ED1DB268BB00B93BA5 /* white_info.png */; };
		F4F481F41DB268BB00B93BA5 /* white_poo.png in Resources */ = {isa = PBXBuildFile; fileRef = F4F481EE1DB268BB00B93BA5 /* white_poo.png */; };
		F4F481F71DB272F200B93BA5 /* ProfilePage.m in Sources */ = {isa = PBXBuildFile; fileRef = F4F481F61DB272F200B93BA5 /* ProfilePage.m */; };
		F4F481F91DB2843A00B93BA5 /* back.png in Resources */ = {isa = PBXBuildFile; fileRef = F4F481F81DB2843A00B93BA5 /* back.png */; };
		F4F481FB1DB2844600B93BA5 /* mail.png in Resources */ = {isa = PBXBuildFile; fileRef = F4F481FA1DB2844600B93BA5 /* mail.png */; };
		F4F481FD1DB286FB00B93BA5 /* mail-icon.png in Resources */ = {isa = PBXBuildFile; fileRef = F4F481FC1DB286FB00B93BA5 /* mail-icon.png */; };
		F4F482031DB2895000B93BA5 /* 5.png in Resources */ = {isa = PBXBuildFile; fileRef = F4F481FE1DB2895000B93BA5 /* 5.png */; };
		F4F482041DB2895000B93BA5 /* 6.png in Resources */ = {isa = PBXBuildFile; fileRef = F4F481FF1DB2895000B93BA5 /* 6.png */; };
		F4F482051DB2895000B93BA5 /* 7.png in Resources */ = {isa = PBXBuildFile; fileRef = F4F482001DB2895000B93BA5 /* 7.png */; };
		F4F482061DB2895000B93BA5 /* 8.png in Resources */ = {isa = PBXBuildFile; fileRef = F4F482011DB2895000B93BA5 /* 8.png */; };
		F4F482071DB2895000B93BA5 /* 9.png in Resources */ = {isa = PBXBuildFile; fileRef = F4F482021DB2895000B93BA5 /* 9.png */; };
		F4F4820A1DB28ABF00B93BA5 /* final logo.png in Resources */ = {isa = PBXBuildFile; fileRef = F4F482081DB28ABF00B93BA5 /* final logo.png */; };
		F4F4820B1DB28ABF00B93BA5 /* logosmall.png in Resources */ = {isa = PBXBuildFile; fileRef = F4F482091DB28ABF00B93BA5 /* logosmall.png */; };
		F4F4820D1DB28E0400B93BA5 /* 10.png in Resources */ = {isa = PBXBuildFile; fileRef = F4F4820C1DB28E0400B93BA5 /* 10.png */; };
		F4F4820F1DB28E9100B93BA5 /* usr.png in Resources */ = {isa = PBXBuildFile; fileRef = F4F4820E1DB28E9100B93BA5 /* usr.png */; };
		F4F482111DB2905E00B93BA5 /* walker.png in Resources */ = {isa = PBXBuildFile; fileRef = F4F482101DB2905E00B93BA5 /* walker.png */; };
		F4F482131DB2928400B93BA5 /* noun_364.png in Resources */ = {isa = PBXBuildFile; fileRef = F4F482121DB2928400B93BA5 /* noun_364.png */; };
/* End PBXBuildFile section */

/* Begin PBXContainerItemProxy section */
		F44D0CCC1DB1ABA8001B70B8 /* PBXContainerItemProxy */ = {
			isa = PBXContainerItemProxy;
			containerPortal = F44D0CAA1DB1ABA8001B70B8 /* Project object */;
			proxyType = 1;
			remoteGlobalIDString = F44D0CB11DB1ABA8001B70B8;
			remoteInfo = Pupper;
		};
		F44D0CD71DB1ABA8001B70B8 /* PBXContainerItemProxy */ = {
			isa = PBXContainerItemProxy;
			containerPortal = F44D0CAA1DB1ABA8001B70B8 /* Project object */;
			proxyType = 1;
			remoteGlobalIDString = F44D0CB11DB1ABA8001B70B8;
			remoteInfo = Pupper;
		};
/* End PBXContainerItemProxy section */

/* Begin PBXFileReference section */
		F44D0CB21DB1ABA8001B70B8 /* Pupper.app */ = {isa = PBXFileReference; explicitFileType = wrapper.application; includeInIndex = 0; path = Pupper.app; sourceTree = BUILT_PRODUCTS_DIR; };
		F44D0CB61DB1ABA8001B70B8 /* main.m */ = {isa = PBXFileReference; lastKnownFileType = sourcecode.c.objc; path = main.m; sourceTree = "<group>"; };
		F44D0CB81DB1ABA8001B70B8 /* AppDelegate.h */ = {isa = PBXFileReference; lastKnownFileType = sourcecode.c.h; path = AppDelegate.h; sourceTree = "<group>"; };
		F44D0CB91DB1ABA8001B70B8 /* AppDelegate.m */ = {isa = PBXFileReference; lastKnownFileType = sourcecode.c.objc; path = AppDelegate.m; sourceTree = "<group>"; };
		F44D0CBB1DB1ABA8001B70B8 /* ViewController.h */ = {isa = PBXFileReference; lastKnownFileType = sourcecode.c.h; path = ViewController.h; sourceTree = "<group>"; };
		F44D0CBC1DB1ABA8001B70B8 /* ViewController.m */ = {isa = PBXFileReference; lastKnownFileType = sourcecode.c.objc; path = ViewController.m; sourceTree = "<group>"; };
		F44D0CC11DB1ABA8001B70B8 /* Assets.xcassets */ = {isa = PBXFileReference; lastKnownFileType = folder.assetcatalog; path = Assets.xcassets; sourceTree = "<group>"; };
		F44D0CC41DB1ABA8001B70B8 /* Base */ = {isa = PBXFileReference; lastKnownFileType = file.storyboard; name = Base; path = Base.lproj/LaunchScreen.storyboard; sourceTree = "<group>"; };
		F44D0CC61DB1ABA8001B70B8 /* Info.plist */ = {isa = PBXFileReference; lastKnownFileType = text.plist.xml; path = Info.plist; sourceTree = "<group>"; };
		F44D0CCB1DB1ABA8001B70B8 /* PupperTests.xctest */ = {isa = PBXFileReference; explicitFileType = wrapper.cfbundle; includeInIndex = 0; path = PupperTests.xctest; sourceTree = BUILT_PRODUCTS_DIR; };
		F44D0CCF1DB1ABA8001B70B8 /* PupperTests.m */ = {isa = PBXFileReference; lastKnownFileType = sourcecode.c.objc; path = PupperTests.m; sourceTree = "<group>"; };
		F44D0CD11DB1ABA8001B70B8 /* Info.plist */ = {isa = PBXFileReference; lastKnownFileType = text.plist.xml; path = Info.plist; sourceTree = "<group>"; };
		F44D0CD61DB1ABA8001B70B8 /* PupperUITests.xctest */ = {isa = PBXFileReference; explicitFileType = wrapper.cfbundle; includeInIndex = 0; path = PupperUITests.xctest; sourceTree = BUILT_PRODUCTS_DIR; };
		F44D0CDA1DB1ABA8001B70B8 /* PupperUITests.m */ = {isa = PBXFileReference; lastKnownFileType = sourcecode.c.objc; path = PupperUITests.m; sourceTree = "<group>"; };
		F44D0CDC1DB1ABA8001B70B8 /* Info.plist */ = {isa = PBXFileReference; lastKnownFileType = text.plist.xml; path = Info.plist; sourceTree = "<group>"; };
		F44D0CE81DB1B65E001B70B8 /* Tinder.png */ = {isa = PBXFileReference; lastKnownFileType = image.png; path = Tinder.png; sourceTree = "<group>"; };
		F44D0CEA1DB1BFB0001B70B8 /* NewUser.h */ = {isa = PBXFileReference; fileEncoding = 4; lastKnownFileType = sourcecode.c.h; path = NewUser.h; sourceTree = "<group>"; };
		F44D0CEB1DB1BFB0001B70B8 /* NewUser.m */ = {isa = PBXFileReference; fileEncoding = 4; lastKnownFileType = sourcecode.c.objc; path = NewUser.m; sourceTree = "<group>"; };
		F44D0CEC1DB1BFB0001B70B8 /* NewUser.xib */ = {isa = PBXFileReference; fileEncoding = 4; lastKnownFileType = file.xib; path = NewUser.xib; sourceTree = "<group>"; };
		F44D0CEF1DB1C1F2001B70B8 /* Bolts.framework */ = {isa = PBXFileReference; lastKnownFileType = wrapper.framework; path = Bolts.framework; sourceTree = "<group>"; };
		F44D0CF01DB1C1F2001B70B8 /* FBSDKCoreKit.framework */ = {isa = PBXFileReference; lastKnownFileType = wrapper.framework; path = FBSDKCoreKit.framework; sourceTree = "<group>"; };
		F44D0CF11DB1C1F2001B70B8 /* FBSDKLoginKit.framework */ = {isa = PBXFileReference; lastKnownFileType = wrapper.framework; path = FBSDKLoginKit.framework; sourceTree = "<group>"; };
		F44D0CF21DB1C1F2001B70B8 /* FBSDKShareKit.framework */ = {isa = PBXFileReference; lastKnownFileType = wrapper.framework; path = FBSDKShareKit.framework; sourceTree = "<group>"; };
		F44D0CF91DB1C9D2001B70B8 /* ViewController.xib */ = {isa = PBXFileReference; fileEncoding = 4; lastKnownFileType = file.xib; path = ViewController.xib; sourceTree = "<group>"; };
		F490D5421DB1CB6F00E02700 /* Main.storyboard */ = {isa = PBXFileReference; fileEncoding = 4; lastKnownFileType = file.storyboard; path = Main.storyboard; sourceTree = "<group>"; };
		F4F481C31DB1D21E00B93BA5 /* dog_PNG2446.png */ = {isa = PBXFileReference; lastKnownFileType = image.png; path = dog_PNG2446.png; sourceTree = "<group>"; };
		F4F481C51DB1ED4300B93BA5 /* Sockpuppet.h */ = {isa = PBXFileReference; fileEncoding = 4; lastKnownFileType = sourcecode.c.h; path = Sockpuppet.h; sourceTree = "<group>"; };
		F4F481C61DB1ED4300B93BA5 /* Sockpuppet.m */ = {isa = PBXFileReference; fileEncoding = 4; lastKnownFileType = sourcecode.c.objc; path = Sockpuppet.m; sourceTree = "<group>"; };
		F4F481C81DB1FC8F00B93BA5 /* dog_PNG2418.png */ = {isa = PBXFileReference; lastKnownFileType = image.png; path = dog_PNG2418.png; sourceTree = "<group>"; };
		F4F481CA1DB21CA300B93BA5 /* dogframe.png */ = {isa = PBXFileReference; lastKnownFileType = image.png; path = dogframe.png; sourceTree = "<group>"; };
		F4F481DC1DB2423F00B93BA5 /* 0.png */ = {isa = PBXFileReference; lastKnownFileType = image.png; path = 0.png; sourceTree = "<group>"; };
		F4F481DD1DB2423F00B93BA5 /* 1.png */ = {isa = PBXFileReference; lastKnownFileType = image.png; path = 1.png; sourceTree = "<group>"; };
		F4F481DE1DB2423F00B93BA5 /* 2.png */ = {isa = PBXFileReference; lastKnownFileType = image.png; path = 2.png; sourceTree = "<group>"; };
		F4F481DF1DB2423F00B93BA5 /* 3.png */ = {isa = PBXFileReference; lastKnownFileType = image.png; path = 3.png; sourceTree = "<group>"; };
		F4F481E01DB2423F00B93BA5 /* 4.png */ = {isa = PBXFileReference; lastKnownFileType = image.png; path = 4.png; sourceTree = "<group>"; };
		F4F481E61DB255A500B93BA5 /* Choice.h */ = {isa = PBXFileReference; fileEncoding = 4; lastKnownFileType = sourcecode.c.h; path = Choice.h; sourceTree = "<group>"; };
		F4F481E71DB255A500B93BA5 /* Choice.m */ = {isa = PBXFileReference; fileEncoding = 4; lastKnownFileType = sourcecode.c.objc; path = Choice.m; sourceTree = "<group>"; };
		F4F481E91DB268BB00B93BA5 /* solid_info.png */ = {isa = PBXFileReference; lastKnownFileType = image.png; path = solid_info.png; sourceTree = "<group>"; };
		F4F481EA1DB268BB00B93BA5 /* solid_paw.png */ = {isa = PBXFileReference; lastKnownFileType = image.png; path = solid_paw.png; sourceTree = "<group>"; };
		F4F481EB1DB268BB00B93BA5 /* solid_poo.png */ = {isa = PBXFileReference; lastKnownFileType = image.png; path = solid_poo.png; sourceTree = "<group>"; };
		F4F481EC1DB268BB00B93BA5 /* whight_paw.png */ = {isa = PBXFileReference; lastKnownFileType = image.png; path = whight_paw.png; sourceTree = "<group>"; };
		F4F481ED1DB268BB00B93BA5 /* white_info.png */ = {isa = PBXFileReference; lastKnownFileType = image.png; path = white_info.png; sourceTree = "<group>"; };
		F4F481EE1DB268BB00B93BA5 /* white_poo.png */ = {isa = PBXFileReference; lastKnownFileType = image.png; path = white_poo.png; sourceTree = "<group>"; };
		F4F481F51DB272F200B93BA5 /* ProfilePage.h */ = {isa = PBXFileReference; fileEncoding = 4; lastKnownFileType = sourcecode.c.h; path = ProfilePage.h; sourceTree = "<group>"; };
		F4F481F61DB272F200B93BA5 /* ProfilePage.m */ = {isa = PBXFileReference; fileEncoding = 4; lastKnownFileType = sourcecode.c.objc; path = ProfilePage.m; sourceTree = "<group>"; };
		F4F481F81DB2843A00B93BA5 /* back.png */ = {isa = PBXFileReference; lastKnownFileType = image.png; path = back.png; sourceTree = "<group>"; };
		F4F481FA1DB2844600B93BA5 /* mail.png */ = {isa = PBXFileReference; lastKnownFileType = image.png; path = mail.png; sourceTree = "<group>"; };
		F4F481FC1DB286FB00B93BA5 /* mail-icon.png */ = {isa = PBXFileReference; lastKnownFileType = image.png; path = "mail-icon.png"; sourceTree = "<group>"; };
		F4F481FE1DB2895000B93BA5 /* 5.png */ = {isa = PBXFileReference; lastKnownFileType = image.png; path = 5.png; sourceTree = "<group>"; };
		F4F481FF1DB2895000B93BA5 /* 6.png */ = {isa = PBXFileReference; lastKnownFileType = image.png; path = 6.png; sourceTree = "<group>"; };
		F4F482001DB2895000B93BA5 /* 7.png */ = {isa = PBXFileReference; lastKnownFileType = image.png; path = 7.png; sourceTree = "<group>"; };
		F4F482011DB2895000B93BA5 /* 8.png */ = {isa = PBXFileReference; lastKnownFileType = image.png; path = 8.png; sourceTree = "<group>"; };
		F4F482021DB2895000B93BA5 /* 9.png */ = {isa = PBXFileReference; lastKnownFileType = image.png; path = 9.png; sourceTree = "<group>"; };
		F4F482081DB28ABF00B93BA5 /* final logo.png */ = {isa = PBXFileReference; lastKnownFileType = image.png; path = "final logo.png"; sourceTree = "<group>"; };
		F4F482091DB28ABF00B93BA5 /* logosmall.png */ = {isa = PBXFileReference; lastKnownFileType = image.png; path = logosmall.png; sourceTree = "<group>"; };
		F4F4820C1DB28E0400B93BA5 /* 10.png */ = {isa = PBXFileReference; lastKnownFileType = image.png; path = 10.png; sourceTree = "<group>"; };
		F4F4820E1DB28E9100B93BA5 /* usr.png */ = {isa = PBXFileReference; lastKnownFileType = image.png; path = usr.png; sourceTree = "<group>"; };
		F4F482101DB2905E00B93BA5 /* walker.png */ = {isa = PBXFileReference; lastKnownFileType = image.png; path = walker.png; sourceTree = "<group>"; };
		F4F482121DB2928400B93BA5 /* noun_364.png */ = {isa = PBXFileReference; lastKnownFileType = image.png; path = noun_364.png; sourceTree = "<group>"; };
/* End PBXFileReference section */

/* Begin PBXFrameworksBuildPhase section */
		F44D0CAF1DB1ABA8001B70B8 /* Frameworks */ = {
			isa = PBXFrameworksBuildPhase;
			buildActionMask = 2147483647;
			files = (
				F44D0CF61DB1C1F2001B70B8 /* FBSDKShareKit.framework in Frameworks */,
				F44D0CF31DB1C1F2001B70B8 /* Bolts.framework in Frameworks */,
				F44D0CF41DB1C1F2001B70B8 /* FBSDKCoreKit.framework in Frameworks */,
				F44D0CF51DB1C1F2001B70B8 /* FBSDKLoginKit.framework in Frameworks */,
			);
			runOnlyForDeploymentPostprocessing = 0;
		};
		F44D0CC81DB1ABA8001B70B8 /* Frameworks */ = {
			isa = PBXFrameworksBuildPhase;
			buildActionMask = 2147483647;
			files = (
			);
			runOnlyForDeploymentPostprocessing = 0;
		};
		F44D0CD31DB1ABA8001B70B8 /* Frameworks */ = {
			isa = PBXFrameworksBuildPhase;
			buildActionMask = 2147483647;
			files = (
			);
			runOnlyForDeploymentPostprocessing = 0;
		};
/* End PBXFrameworksBuildPhase section */

/* Begin PBXGroup section */
		F44D0CA91DB1ABA8001B70B8 = {
			isa = PBXGroup;
			children = (
				F44D0CB41DB1ABA8001B70B8 /* Pupper */,
				F44D0CCE1DB1ABA8001B70B8 /* PupperTests */,
				F44D0CD91DB1ABA8001B70B8 /* PupperUITests */,
				F44D0CB31DB1ABA8001B70B8 /* Products */,
			);
			sourceTree = "<group>";
		};
		F44D0CB31DB1ABA8001B70B8 /* Products */ = {
			isa = PBXGroup;
			children = (
				F44D0CB21DB1ABA8001B70B8 /* Pupper.app */,
				F44D0CCB1DB1ABA8001B70B8 /* PupperTests.xctest */,
				F44D0CD61DB1ABA8001B70B8 /* PupperUITests.xctest */,
			);
			name = Products;
			sourceTree = "<group>";
		};
		F44D0CB41DB1ABA8001B70B8 /* Pupper */ = {
			isa = PBXGroup;
			children = (
				F4F482121DB2928400B93BA5 /* noun_364.png */,
				F4F482101DB2905E00B93BA5 /* walker.png */,
				F4F4820E1DB28E9100B93BA5 /* usr.png */,
				F4F4820C1DB28E0400B93BA5 /* 10.png */,
				F4F482081DB28ABF00B93BA5 /* final logo.png */,
				F4F482091DB28ABF00B93BA5 /* logosmall.png */,
				F4F481FE1DB2895000B93BA5 /* 5.png */,
				F4F481FF1DB2895000B93BA5 /* 6.png */,
				F4F482001DB2895000B93BA5 /* 7.png */,
				F4F482011DB2895000B93BA5 /* 8.png */,
				F4F482021DB2895000B93BA5 /* 9.png */,
				F4F481FC1DB286FB00B93BA5 /* mail-icon.png */,
				F4F481FA1DB2844600B93BA5 /* mail.png */,
				F4F481F81DB2843A00B93BA5 /* back.png */,
				F4F481E91DB268BB00B93BA5 /* solid_info.png */,
				F4F481EA1DB268BB00B93BA5 /* solid_paw.png */,
				F4F481EB1DB268BB00B93BA5 /* solid_poo.png */,
				F4F481EC1DB268BB00B93BA5 /* whight_paw.png */,
				F4F481ED1DB268BB00B93BA5 /* white_info.png */,
				F4F481EE1DB268BB00B93BA5 /* white_poo.png */,
				F44D0CB81DB1ABA8001B70B8 /* AppDelegate.h */,
				F44D0CB91DB1ABA8001B70B8 /* AppDelegate.m */,
				F44D0CBB1DB1ABA8001B70B8 /* ViewController.h */,
				F44D0CBC1DB1ABA8001B70B8 /* ViewController.m */,
				F4F481C81DB1FC8F00B93BA5 /* dog_PNG2418.png */,
				F44D0CF91DB1C9D2001B70B8 /* ViewController.xib */,
				F490D5421DB1CB6F00E02700 /* Main.storyboard */,
				F44D0CE81DB1B65E001B70B8 /* Tinder.png */,
				F4F481C31DB1D21E00B93BA5 /* dog_PNG2446.png */,
				F4F481CA1DB21CA300B93BA5 /* dogframe.png */,
				F4F481DC1DB2423F00B93BA5 /* 0.png */,
				F4F481DD1DB2423F00B93BA5 /* 1.png */,
				F4F481DE1DB2423F00B93BA5 /* 2.png */,
				F4F481DF1DB2423F00B93BA5 /* 3.png */,
				F4F481E01DB2423F00B93BA5 /* 4.png */,
				F4F481E61DB255A500B93BA5 /* Choice.h */,
				F4F481E71DB255A500B93BA5 /* Choice.m */,
				F44D0CEA1DB1BFB0001B70B8 /* NewUser.h */,
				F44D0CEB1DB1BFB0001B70B8 /* NewUser.m */,
				F4F481F51DB272F200B93BA5 /* ProfilePage.h */,
				F4F481F61DB272F200B93BA5 /* ProfilePage.m */,
				F44D0CEC1DB1BFB0001B70B8 /* NewUser.xib */,
				F4F481C51DB1ED4300B93BA5 /* Sockpuppet.h */,
				F4F481C61DB1ED4300B93BA5 /* Sockpuppet.m */,
				F44D0CC11DB1ABA8001B70B8 /* Assets.xcassets */,
				F44D0CC31DB1ABA8001B70B8 /* LaunchScreen.storyboard */,
				F44D0CC61DB1ABA8001B70B8 /* Info.plist */,
				F44D0CB51DB1ABA8001B70B8 /* Supporting Files */,
			);
			path = Pupper;
			sourceTree = "<group>";
		};
		F44D0CB51DB1ABA8001B70B8 /* Supporting Files */ = {
			isa = PBXGroup;
			children = (
				F44D0CB61DB1ABA8001B70B8 /* main.m */,
				F44D0CEF1DB1C1F2001B70B8 /* Bolts.framework */,
				F44D0CF01DB1C1F2001B70B8 /* FBSDKCoreKit.framework */,
				F44D0CF11DB1C1F2001B70B8 /* FBSDKLoginKit.framework */,
				F44D0CF21DB1C1F2001B70B8 /* FBSDKShareKit.framework */,
			);
			name = "Supporting Files";
			sourceTree = "<group>";
		};
		F44D0CCE1DB1ABA8001B70B8 /* PupperTests */ = {
			isa = PBXGroup;
			children = (
				F44D0CCF1DB1ABA8001B70B8 /* PupperTests.m */,
				F44D0CD11DB1ABA8001B70B8 /* Info.plist */,
			);
			path = PupperTests;
			sourceTree = "<group>";
		};
		F44D0CD91DB1ABA8001B70B8 /* PupperUITests */ = {
			isa = PBXGroup;
			children = (
				F44D0CDA1DB1ABA8001B70B8 /* PupperUITests.m */,
				F44D0CDC1DB1ABA8001B70B8 /* Info.plist */,
			);
			path = PupperUITests;
			sourceTree = "<group>";
		};
/* End PBXGroup section */

/* Begin PBXNativeTarget section */
		F44D0CB11DB1ABA8001B70B8 /* Pupper */ = {
			isa = PBXNativeTarget;
			buildConfigurationList = F44D0CDF1DB1ABA8001B70B8 /* Build configuration list for PBXNativeTarget "Pupper" */;
			buildPhases = (
				F44D0CAE1DB1ABA8001B70B8 /* Sources */,
				F44D0CAF1DB1ABA8001B70B8 /* Frameworks */,
				F44D0CB01DB1ABA8001B70B8 /* Resources */,
			);
			buildRules = (
			);
			dependencies = (
			);
			name = Pupper;
			productName = Pupper;
			productReference = F44D0CB21DB1ABA8001B70B8 /* Pupper.app */;
			productType = "com.apple.product-type.application";
		};
		F44D0CCA1DB1ABA8001B70B8 /* PupperTests */ = {
			isa = PBXNativeTarget;
			buildConfigurationList = F44D0CE21DB1ABA8001B70B8 /* Build configuration list for PBXNativeTarget "PupperTests" */;
			buildPhases = (
				F44D0CC71DB1ABA8001B70B8 /* Sources */,
				F44D0CC81DB1ABA8001B70B8 /* Frameworks */,
				F44D0CC91DB1ABA8001B70B8 /* Resources */,
			);
			buildRules = (
			);
			dependencies = (
				F44D0CCD1DB1ABA8001B70B8 /* PBXTargetDependency */,
			);
			name = PupperTests;
			productName = PupperTests;
			productReference = F44D0CCB1DB1ABA8001B70B8 /* PupperTests.xctest */;
			productType = "com.apple.product-type.bundle.unit-test";
		};
		F44D0CD51DB1ABA8001B70B8 /* PupperUITests */ = {
			isa = PBXNativeTarget;
			buildConfigurationList = F44D0CE51DB1ABA8001B70B8 /* Build configuration list for PBXNativeTarget "PupperUITests" */;
			buildPhases = (
				F44D0CD21DB1ABA8001B70B8 /* Sources */,
				F44D0CD31DB1ABA8001B70B8 /* Frameworks */,
				F44D0CD41DB1ABA8001B70B8 /* Resources */,
			);
			buildRules = (
			);
			dependencies = (
				F44D0CD81DB1ABA8001B70B8 /* PBXTargetDependency */,
			);
			name = PupperUITests;
			productName = PupperUITests;
			productReference = F44D0CD61DB1ABA8001B70B8 /* PupperUITests.xctest */;
			productType = "com.apple.product-type.bundle.ui-testing";
		};
/* End PBXNativeTarget section */

/* Begin PBXProject section */
		F44D0CAA1DB1ABA8001B70B8 /* Project object */ = {
			isa = PBXProject;
			attributes = {
				LastUpgradeCheck = 0800;
				ORGANIZATIONNAME = "David Stern";
				TargetAttributes = {
					F44D0CB11DB1ABA8001B70B8 = {
						CreatedOnToolsVersion = 8.0;
						DevelopmentTeam = ZYK38M75JX;
						ProvisioningStyle = Automatic;
					};
					F44D0CCA1DB1ABA8001B70B8 = {
						CreatedOnToolsVersion = 8.0;
						ProvisioningStyle = Automatic;
						TestTargetID = F44D0CB11DB1ABA8001B70B8;
					};
					F44D0CD51DB1ABA8001B70B8 = {
						CreatedOnToolsVersion = 8.0;
						ProvisioningStyle = Automatic;
						TestTargetID = F44D0CB11DB1ABA8001B70B8;
					};
				};
			};
			buildConfigurationList = F44D0CAD1DB1ABA8001B70B8 /* Build configuration list for PBXProject "Pupper" */;
			compatibilityVersion = "Xcode 3.2";
			developmentRegion = English;
			hasScannedForEncodings = 0;
			knownRegions = (
				en,
				Base,
			);
			mainGroup = F44D0CA91DB1ABA8001B70B8;
			productRefGroup = F44D0CB31DB1ABA8001B70B8 /* Products */;
			projectDirPath = "";
			projectRoot = "";
			targets = (
				F44D0CB11DB1ABA8001B70B8 /* Pupper */,
				F44D0CCA1DB1ABA8001B70B8 /* PupperTests */,
				F44D0CD51DB1ABA8001B70B8 /* PupperUITests */,
			);
		};
/* End PBXProject section */

/* Begin PBXResourcesBuildPhase section */
		F44D0CB01DB1ABA8001B70B8 /* Resources */ = {
			isa = PBXResourcesBuildPhase;
			buildActionMask = 2147483647;
			files = (
				F4F481E11DB2423F00B93BA5 /* 0.png in Resources */,
				F4F482051DB2895000B93BA5 /* 7.png in Resources */,
				F4F481C41DB1D21E00B93BA5 /* dog_PNG2446.png in Resources */,
				F4F482131DB2928400B93BA5 /* noun_364.png in Resources */,
				F4F481FD1DB286FB00B93BA5 /* mail-icon.png in Resources */,
				F4F481F01DB268BB00B93BA5 /* solid_paw.png in Resources */,
				F44D0CC51DB1ABA8001B70B8 /* LaunchScreen.storyboard in Resources */,
				F4F481F11DB268BB00B93BA5 /* solid_poo.png in Resources */,
				F4F481F21DB268BB00B93BA5 /* whight_paw.png in Resources */,
				F4F481FB1DB2844600B93BA5 /* mail.png in Resources */,
				F4F482071DB2895000B93BA5 /* 9.png in Resources */,
				F44D0CEE1DB1BFB0001B70B8 /* NewUser.xib in Resources */,
				F4F481CB1DB21CA300B93BA5 /* dogframe.png in Resources */,
				F4F481F31DB268BB00B93BA5 /* white_info.png in Resources */,
				F44D0CC21DB1ABA8001B70B8 /* Assets.xcassets in Resources */,
				F4F481E31DB2423F00B93BA5 /* 2.png in Resources */,
				F4F4820A1DB28ABF00B93BA5 /* final logo.png in Resources */,
				F4F481F91DB2843A00B93BA5 /* back.png in Resources */,
				F4F481E21DB2423F00B93BA5 /* 1.png in Resources */,
				F4F481E51DB2423F00B93BA5 /* 4.png in Resources */,
				F490D5431DB1CB6F00E02700 /* Main.storyboard in Resources */,
				F4F4820F1DB28E9100B93BA5 /* usr.png in Resources */,
				F44D0CE91DB1B65E001B70B8 /* Tinder.png in Resources */,
				F44D0CFA1DB1C9D2001B70B8 /* ViewController.xib in Resources */,
				F4F482041DB2895000B93BA5 /* 6.png in Resources */,
				F4F4820B1DB28ABF00B93BA5 /* logosmall.png in Resources */,
				F4F481EF1DB268BB00B93BA5 /* solid_info.png in Resources */,
				F4F481C91DB1FC8F00B93BA5 /* dog_PNG2418.png in Resources */,
				F4F482111DB2905E00B93BA5 /* walker.png in Resources */,
				F4F482031DB2895000B93BA5 /* 5.png in Resources */,
				F4F482061DB2895000B93BA5 /* 8.png in Resources */,
				F4F4820D1DB28E0400B93BA5 /* 10.png in Resources */,
				F4F481F41DB268BB00B93BA5 /* white_poo.png in Resources */,
				F4F481E41DB2423F00B93BA5 /* 3.png in Resources */,
			);
			runOnlyForDeploymentPostprocessing = 0;
		};
		F44D0CC91DB1ABA8001B70B8 /* Resources */ = {
			isa = PBXResourcesBuildPhase;
			buildActionMask = 2147483647;
			files = (
			);
			runOnlyForDeploymentPostprocessing = 0;
		};
		F44D0CD41DB1ABA8001B70B8 /* Resources */ = {
			isa = PBXResourcesBuildPhase;
			buildActionMask = 2147483647;
			files = (
			);
			runOnlyForDeploymentPostprocessing = 0;
		};
/* End PBXResourcesBuildPhase section */

/* Begin PBXSourcesBuildPhase section */
		F44D0CAE1DB1ABA8001B70B8 /* Sources */ = {
			isa = PBXSourcesBuildPhase;
			buildActionMask = 2147483647;
			files = (
				F4F481E81DB255A500B93BA5 /* Choice.m in Sources */,
				F44D0CBD1DB1ABA8001B70B8 /* ViewController.m in Sources */,
				F4F481F71DB272F200B93BA5 /* ProfilePage.m in Sources */,
				F4F481C71DB1ED4300B93BA5 /* Sockpuppet.m in Sources */,
				F44D0CED1DB1BFB0001B70B8 /* NewUser.m in Sources */,
				F44D0CBA1DB1ABA8001B70B8 /* AppDelegate.m in Sources */,
				F44D0CB71DB1ABA8001B70B8 /* main.m in Sources */,
			);
			runOnlyForDeploymentPostprocessing = 0;
		};
		F44D0CC71DB1ABA8001B70B8 /* Sources */ = {
			isa = PBXSourcesBuildPhase;
			buildActionMask = 2147483647;
			files = (
				F44D0CD01DB1ABA8001B70B8 /* PupperTests.m in Sources */,
			);
			runOnlyForDeploymentPostprocessing = 0;
		};
		F44D0CD21DB1ABA8001B70B8 /* Sources */ = {
			isa = PBXSourcesBuildPhase;
			buildActionMask = 2147483647;
			files = (
				F44D0CDB1DB1ABA8001B70B8 /* PupperUITests.m in Sources */,
			);
			runOnlyForDeploymentPostprocessing = 0;
		};
/* End PBXSourcesBuildPhase section */

/* Begin PBXTargetDependency section */
		F44D0CCD1DB1ABA8001B70B8 /* PBXTargetDependency */ = {
			isa = PBXTargetDependency;
			target = F44D0CB11DB1ABA8001B70B8 /* Pupper */;
			targetProxy = F44D0CCC1DB1ABA8001B70B8 /* PBXContainerItemProxy */;
		};
		F44D0CD81DB1ABA8001B70B8 /* PBXTargetDependency */ = {
			isa = PBXTargetDependency;
			target = F44D0CB11DB1ABA8001B70B8 /* Pupper */;
			targetProxy = F44D0CD71DB1ABA8001B70B8 /* PBXContainerItemProxy */;
		};
/* End PBXTargetDependency section */

/* Begin PBXVariantGroup section */
		F44D0CC31DB1ABA8001B70B8 /* LaunchScreen.storyboard */ = {
			isa = PBXVariantGroup;
			children = (
				F44D0CC41DB1ABA8001B70B8 /* Base */,
			);
			name = LaunchScreen.storyboard;
			sourceTree = "<group>";
		};
/* End PBXVariantGroup section */

/* Begin XCBuildConfiguration section */
		F44D0CDD1DB1ABA8001B70B8 /* Debug */ = {
			isa = XCBuildConfiguration;
			buildSettings = {
				ALWAYS_SEARCH_USER_PATHS = NO;
				CLANG_ANALYZER_NONNULL = YES;
				CLANG_CXX_LANGUAGE_STANDARD = "gnu++0x";
				CLANG_CXX_LIBRARY = "libc++";
				CLANG_ENABLE_MODULES = YES;
				CLANG_ENABLE_OBJC_ARC = YES;
				CLANG_WARN_BOOL_CONVERSION = YES;
				CLANG_WARN_CONSTANT_CONVERSION = YES;
				CLANG_WARN_DIRECT_OBJC_ISA_USAGE = YES_ERROR;
				CLANG_WARN_DOCUMENTATION_COMMENTS = YES;
				CLANG_WARN_EMPTY_BODY = YES;
				CLANG_WARN_ENUM_CONVERSION = YES;
				CLANG_WARN_INFINITE_RECURSION = YES;
				CLANG_WARN_INT_CONVERSION = YES;
				CLANG_WARN_OBJC_ROOT_CLASS = YES_ERROR;
				CLANG_WARN_SUSPICIOUS_MOVES = YES;
				CLANG_WARN_UNREACHABLE_CODE = YES;
				CLANG_WARN__DUPLICATE_METHOD_MATCH = YES;
				"CODE_SIGN_IDENTITY[sdk=iphoneos*]" = "iPhone Developer";
				COPY_PHASE_STRIP = NO;
				DEBUG_INFORMATION_FORMAT = dwarf;
				ENABLE_STRICT_OBJC_MSGSEND = YES;
				ENABLE_TESTABILITY = YES;
				GCC_C_LANGUAGE_STANDARD = gnu99;
				GCC_DYNAMIC_NO_PIC = NO;
				GCC_NO_COMMON_BLOCKS = YES;
				GCC_OPTIMIZATION_LEVEL = 0;
				GCC_PREPROCESSOR_DEFINITIONS = (
					"DEBUG=1",
					"$(inherited)",
				);
				GCC_WARN_64_TO_32_BIT_CONVERSION = YES;
				GCC_WARN_ABOUT_RETURN_TYPE = YES_ERROR;
				GCC_WARN_UNDECLARED_SELECTOR = YES;
				GCC_WARN_UNINITIALIZED_AUTOS = YES_AGGRESSIVE;
				GCC_WARN_UNUSED_FUNCTION = YES;
				GCC_WARN_UNUSED_VARIABLE = YES;
				IPHONEOS_DEPLOYMENT_TARGET = 10.0;
				MTL_ENABLE_DEBUG_INFO = YES;
				ONLY_ACTIVE_ARCH = YES;
				SDKROOT = iphoneos;
				TARGETED_DEVICE_FAMILY = "1,2";
			};
			name = Debug;
		};
		F44D0CDE1DB1ABA8001B70B8 /* Release */ = {
			isa = XCBuildConfiguration;
			buildSettings = {
				ALWAYS_SEARCH_USER_PATHS = NO;
				CLANG_ANALYZER_NONNULL = YES;
				CLANG_CXX_LANGUAGE_STANDARD = "gnu++0x";
				CLANG_CXX_LIBRARY = "libc++";
				CLANG_ENABLE_MODULES = YES;
				CLANG_ENABLE_OBJC_ARC = YES;
				CLANG_WARN_BOOL_CONVERSION = YES;
				CLANG_WARN_CONSTANT_CONVERSION = YES;
				CLANG_WARN_DIRECT_OBJC_ISA_USAGE = YES_ERROR;
				CLANG_WARN_DOCUMENTATION_COMMENTS = YES;
				CLANG_WARN_EMPTY_BODY = YES;
				CLANG_WARN_ENUM_CONVERSION = YES;
				CLANG_WARN_INFINITE_RECURSION = YES;
				CLANG_WARN_INT_CONVERSION = YES;
				CLANG_WARN_OBJC_ROOT_CLASS = YES_ERROR;
				CLANG_WARN_SUSPICIOUS_MOVES = YES;
				CLANG_WARN_UNREACHABLE_CODE = YES;
				CLANG_WARN__DUPLICATE_METHOD_MATCH = YES;
				"CODE_SIGN_IDENTITY[sdk=iphoneos*]" = "iPhone Developer";
				COPY_PHASE_STRIP = NO;
				DEBUG_INFORMATION_FORMAT = "dwarf-with-dsym";
				ENABLE_NS_ASSERTIONS = NO;
				ENABLE_STRICT_OBJC_MSGSEND = YES;
				GCC_C_LANGUAGE_STANDARD = gnu99;
				GCC_NO_COMMON_BLOCKS = YES;
				GCC_WARN_64_TO_32_BIT_CONVERSION = YES;
				GCC_WARN_ABOUT_RETURN_TYPE = YES_ERROR;
				GCC_WARN_UNDECLARED_SELECTOR = YES;
				GCC_WARN_UNINITIALIZED_AUTOS = YES_AGGRESSIVE;
				GCC_WARN_UNUSED_FUNCTION = YES;
				GCC_WARN_UNUSED_VARIABLE = YES;
				IPHONEOS_DEPLOYMENT_TARGET = 10.0;
				MTL_ENABLE_DEBUG_INFO = NO;
				SDKROOT = iphoneos;
				TARGETED_DEVICE_FAMILY = "1,2";
				VALIDATE_PRODUCT = YES;
			};
			name = Release;
		};
		F44D0CE01DB1ABA8001B70B8 /* Debug */ = {
			isa = XCBuildConfiguration;
			buildSettings = {
				ASSETCATALOG_COMPILER_APPICON_NAME = AppIcon;
				DEVELOPMENT_TEAM = ZYK38M75JX;
				FRAMEWORK_SEARCH_PATHS = (
					"$(inherited)",
					"$(PROJECT_DIR)/Pupper",
				);
				INFOPLIST_FILE = Pupper/Info.plist;
				IPHONEOS_DEPLOYMENT_TARGET = 9.3;
				LD_RUNPATH_SEARCH_PATHS = "$(inherited) @executable_path/Frameworks";
				PRODUCT_BUNDLE_IDENTIFIER = dstern01.Pupper;
				PRODUCT_NAME = "$(TARGET_NAME)";
			};
			name = Debug;
		};
		F44D0CE11DB1ABA8001B70B8 /* Release */ = {
			isa = XCBuildConfiguration;
			buildSettings = {
				ASSETCATALOG_COMPILER_APPICON_NAME = AppIcon;
				DEVELOPMENT_TEAM = ZYK38M75JX;
				FRAMEWORK_SEARCH_PATHS = (
					"$(inherited)",
					"$(PROJECT_DIR)/Pupper",
				);
				INFOPLIST_FILE = Pupper/Info.plist;
				IPHONEOS_DEPLOYMENT_TARGET = 9.3;
				LD_RUNPATH_SEARCH_PATHS = "$(inherited) @executable_path/Frameworks";
				PRODUCT_BUNDLE_IDENTIFIER = dstern01.Pupper;
				PRODUCT_NAME = "$(TARGET_NAME)";
			};
			name = Release;
		};
		F44D0CE31DB1ABA8001B70B8 /* Debug */ = {
			isa = XCBuildConfiguration;
			buildSettings = {
				BUNDLE_LOADER = "$(TEST_HOST)";
				INFOPLIST_FILE = PupperTests/Info.plist;
				LD_RUNPATH_SEARCH_PATHS = "$(inherited) @executable_path/Frameworks @loader_path/Frameworks";
				PRODUCT_BUNDLE_IDENTIFIER = dstern01.PupperTests;
				PRODUCT_NAME = "$(TARGET_NAME)";
				TEST_HOST = "$(BUILT_PRODUCTS_DIR)/Pupper.app/Pupper";
			};
			name = Debug;
		};
		F44D0CE41DB1ABA8001B70B8 /* Release */ = {
			isa = XCBuildConfiguration;
			buildSettings = {
				BUNDLE_LOADER = "$(TEST_HOST)";
				INFOPLIST_FILE = PupperTests/Info.plist;
				LD_RUNPATH_SEARCH_PATHS = "$(inherited) @executable_path/Frameworks @loader_path/Frameworks";
				PRODUCT_BUNDLE_IDENTIFIER = dstern01.PupperTests;
				PRODUCT_NAME = "$(TARGET_NAME)";
				TEST_HOST = "$(BUILT_PRODUCTS_DIR)/Pupper.app/Pupper";
			};
			name = Release;
		};
		F44D0CE61DB1ABA8001B70B8 /* Debug */ = {
			isa = XCBuildConfiguration;
			buildSettings = {
				INFOPLIST_FILE = PupperUITests/Info.plist;
				LD_RUNPATH_SEARCH_PATHS = "$(inherited) @executable_path/Frameworks @loader_path/Frameworks";
				PRODUCT_BUNDLE_IDENTIFIER = dstern01.PupperUITests;
				PRODUCT_NAME = "$(TARGET_NAME)";
				TEST_TARGET_NAME = Pupper;
			};
			name = Debug;
		};
		F44D0CE71DB1ABA8001B70B8 /* Release */ = {
			isa = XCBuildConfiguration;
			buildSettings = {
				INFOPLIST_FILE = PupperUITests/Info.plist;
				LD_RUNPATH_SEARCH_PATHS = "$(inherited) @executable_path/Frameworks @loader_path/Frameworks";
				PRODUCT_BUNDLE_IDENTIFIER = dstern01.PupperUITests;
				PRODUCT_NAME = "$(TARGET_NAME)";
				TEST_TARGET_NAME = Pupper;
			};
			name = Release;
		};
/* End XCBuildConfiguration section */

/* Begin XCConfigurationList section */
		F44D0CAD1DB1ABA8001B70B8 /* Build configuration list for PBXProject "Pupper" */ = {
			isa = XCConfigurationList;
			buildConfigurations = (
				F44D0CDD1DB1ABA8001B70B8 /* Debug */,
				F44D0CDE1DB1ABA8001B70B8 /* Release */,
			);
			defaultConfigurationIsVisible = 0;
			defaultConfigurationName = Release;
		};
		F44D0CDF1DB1ABA8001B70B8 /* Build configuration list for PBXNativeTarget "Pupper" */ = {
			isa = XCConfigurationList;
			buildConfigurations = (
				F44D0CE01DB1ABA8001B70B8 /* Debug */,
				F44D0CE11DB1ABA8001B70B8 /* Release */,
			);
			defaultConfigurationIsVisible = 0;
			defaultConfigurationName = Release;
		};
		F44D0CE21DB1ABA8001B70B8 /* Build configuration list for PBXNativeTarget "PupperTests" */ = {
			isa = XCConfigurationList;
			buildConfigurations = (
				F44D0CE31DB1ABA8001B70B8 /* Debug */,
				F44D0CE41DB1ABA8001B70B8 /* Release */,
			);
			defaultConfigurationIsVisible = 0;
			defaultConfigurationName = Release;
		};
		F44D0CE51DB1ABA8001B70B8 /* Build configuration list for PBXNativeTarget "PupperUITests" */ = {
			isa = XCConfigurationList;
			buildConfigurations = (
				F44D0CE61DB1ABA8001B70B8 /* Debug */,
				F44D0CE71DB1ABA8001B70B8 /* Release */,
			);
			defaultConfigurationIsVisible = 0;
			defaultConfigurationName = Release;
		};
/* End XCConfigurationList section */
	};
	rootObject = F44D0CAA1DB1ABA8001B70B8 /* Project object */;
}
